
Microsoft Visual Studio Solution File, Format Version 12.00
# Visual Studio Version 17
VisualStudioVersion = 17.10.35122.118
MinimumVisualStudioVersion = 10.0.40219.1
Project("{9A19103F-16F7-4668-BE54-9A1E7A4F7556}") = "NutriQuestAPI", "NutriQuestAPI\NutriQuestAPI.csproj", "{783DF23F-33DE-4B6E-90AB-71E976B61F8A}"
EndProject
Project("{9A19103F-16F7-4668-BE54-9A1E7A4F7556}") = "NutriQuestServices", "NutriQuestServices\NutriQuestServices.csproj", "{AAB35A16-20B9-427D-8E67-4FD65B4B47DA}"
EndProject
Project("{9A19103F-16F7-4668-BE54-9A1E7A4F7556}") = "DatabaseServices", "DatabaseServices\DatabaseServices.csproj", "{2F6443EC-54E4-4071-AA79-998D6DDB6140}"
EndProject
Project("{FAE04EC0-301F-11D3-BF4B-00C04F79EFBC}") = "AuthenticationServices", "AuthenticationServices\AuthenticationServices.csproj", "{DCE5F8CC-7499-47FA-9FBA-C71B0CD8BEB4}"
EndProject
Project("{FAE04EC0-301F-11D3-BF4B-00C04F79EFBC}") = "GeolocationServices", "GeolocationServices\GeolocationServices.csproj", "{0E79B1E0-DE84-42E0-A275-FA8A456CCC61}"
EndProject
Global
	GlobalSection(SolutionConfigurationPlatforms) = preSolution
		Debug|Any CPU = Debug|Any CPU
		Release|Any CPU = Release|Any CPU
	EndGlobalSection
	GlobalSection(ProjectConfigurationPlatforms) = postSolution
		{783DF23F-33DE-4B6E-90AB-71E976B61F8A}.Debug|Any CPU.ActiveCfg = Debug|Any CPU
		{783DF23F-33DE-4B6E-90AB-71E976B61F8A}.Debug|Any CPU.Build.0 = Debug|Any CPU
		{783DF23F-33DE-4B6E-90AB-71E976B61F8A}.Release|Any CPU.ActiveCfg = Release|Any CPU
		{783DF23F-33DE-4B6E-90AB-71E976B61F8A}.Release|Any CPU.Build.0 = Release|Any CPU
		{AAB35A16-20B9-427D-8E67-4FD65B4B47DA}.Debug|Any CPU.ActiveCfg = Debug|Any CPU
		{AAB35A16-20B9-427D-8E67-4FD65B4B47DA}.Debug|Any CPU.Build.0 = Debug|Any CPU
		{AAB35A16-20B9-427D-8E67-4FD65B4B47DA}.Release|Any CPU.ActiveCfg = Release|Any CPU
		{AAB35A16-20B9-427D-8E67-4FD65B4B47DA}.Release|Any CPU.Build.0 = Release|Any CPU
		{2F6443EC-54E4-4071-AA79-998D6DDB6140}.Debug|Any CPU.ActiveCfg = Debug|Any CPU
		{2F6443EC-54E4-4071-AA79-998D6DDB6140}.Debug|Any CPU.Build.0 = Debug|Any CPU
		{2F6443EC-54E4-4071-AA79-998D6DDB6140}.Release|Any CPU.ActiveCfg = Release|Any CPU
		{2F6443EC-54E4-4071-AA79-998D6DDB6140}.Release|Any CPU.Build.0 = Release|Any CPU
		{DCE5F8CC-7499-47FA-9FBA-C71B0CD8BEB4}.Debug|Any CPU.ActiveCfg = Debug|Any CPU
		{DCE5F8CC-7499-47FA-9FBA-C71B0CD8BEB4}.Debug|Any CPU.Build.0 = Debug|Any CPU
		{DCE5F8CC-7499-47FA-9FBA-C71B0CD8BEB4}.Release|Any CPU.ActiveCfg = Release|Any CPU
		{DCE5F8CC-7499-47FA-9FBA-C71B0CD8BEB4}.Release|Any CPU.Build.0 = Release|Any CPU
		{0E79B1E0-DE84-42E0-A275-FA8A456CCC61}.Debug|Any CPU.ActiveCfg = Debug|Any CPU
		{0E79B1E0-DE84-42E0-A275-FA8A456CCC61}.Debug|Any CPU.Build.0 = Debug|Any CPU
		{0E79B1E0-DE84-42E0-A275-FA8A456CCC61}.Release|Any CPU.ActiveCfg = Release|Any CPU
		{0E79B1E0-DE84-42E0-A275-FA8A456CCC61}.Release|Any CPU.Build.0 = Release|Any CPU
	EndGlobalSection
	GlobalSection(SolutionProperties) = preSolution
		HideSolutionNode = FALSE
	EndGlobalSection
	GlobalSection(ExtensibilityGlobals) = postSolution
		SolutionGuid = {A6A7E5F4-EE3A-4F4B-896B-A5671221E450}
	EndGlobalSection
EndGlobal
